
Microsoft Visual Studio Solution File, Format Version 12.00
# Visual Studio 15
VisualStudioVersion = 15.0.28307.1062
MinimumVisualStudioVersion = 10.0.40219.1
Project("{9A19103F-16F7-4668-BE54-9A1E7A4F7556}") = "CrowdControl", "CrowdControl\CrowdControl.csproj", "{CF221AF2-CD15-43AB-982F-EBC1B907A821}"
EndProject
Project("{9A19103F-16F7-4668-BE54-9A1E7A4F7556}") = "CrowdControlOverlay", "CrowdControlOverlay\CrowdControlOverlay.csproj", "{4C910408-A957-4B73-AA7D-DE0F073DAE80}"
EndProject
Project("{9A19103F-16F7-4668-BE54-9A1E7A4F7556}") = "CrowdControlEditor", "CrowdControlEditor\CrowdControlEditor.csproj", "{E45C0E43-83C0-41E7-9962-E4A8CEF0E8E6}"
EndProject
Global
	GlobalSection(SolutionConfigurationPlatforms) = preSolution
		Debug|Any CPU = Debug|Any CPU
		Release|Any CPU = Release|Any CPU
	EndGlobalSection
	GlobalSection(ProjectConfigurationPlatforms) = postSolution
		{CF221AF2-CD15-43AB-982F-EBC1B907A821}.Debug|Any CPU.ActiveCfg = Debug|Any CPU
		{CF221AF2-CD15-43AB-982F-EBC1B907A821}.Debug|Any CPU.Build.0 = Debug|Any CPU
		{CF221AF2-CD15-43AB-982F-EBC1B907A821}.Release|Any CPU.ActiveCfg = Release|Any CPU
		{CF221AF2-CD15-43AB-982F-EBC1B907A821}.Release|Any CPU.Build.0 = Release|Any CPU
		{4C910408-A957-4B73-AA7D-DE0F073DAE80}.Debug|Any CPU.ActiveCfg = Debug|Any CPU
		{4C910408-A957-4B73-AA7D-DE0F073DAE80}.Debug|Any CPU.Build.0 = Debug|Any CPU
		{4C910408-A957-4B73-AA7D-DE0F073DAE80}.Release|Any CPU.ActiveCfg = Release|Any CPU
		{4C910408-A957-4B73-AA7D-DE0F073DAE80}.Release|Any CPU.Build.0 = Release|Any CPU
		{E45C0E43-83C0-41E7-9962-E4A8CEF0E8E6}.Debug|Any CPU.ActiveCfg = Debug|Any CPU
		{E45C0E43-83C0-41E7-9962-E4A8CEF0E8E6}.Debug|Any CPU.Build.0 = Debug|Any CPU
		{E45C0E43-83C0-41E7-9962-E4A8CEF0E8E6}.Release|Any CPU.ActiveCfg = Release|Any CPU
		{E45C0E43-83C0-41E7-9962-E4A8CEF0E8E6}.Release|Any CPU.Build.0 = Release|Any CPU
	EndGlobalSection
	GlobalSection(SolutionProperties) = preSolution
		HideSolutionNode = FALSE
	EndGlobalSection
	GlobalSection(ExtensibilityGlobals) = postSolution
		SolutionGuid = {DA507FDD-04C2-46CC-BE71-7BCF5C8D4D1A}
	EndGlobalSection
EndGlobal
