
Microsoft Visual Studio Solution File, Format Version 12.00
# Visual Studio 15
Project("{FAE04EC0-301F-11D3-BF4B-00C04F79EFBC}") = "WarpWorld", "WarpWorld.csproj", "{C1FA75FA-1909-EBD0-502E-496CD5B6ED72}"
EndProject
Project("{FAE04EC0-301F-11D3-BF4B-00C04F79EFBC}") = "CrowdControl", "CrowdControl\CrowdControl.csproj", "{B4B78925-F5C2-4238-B59E-3CA510BACD58}"
EndProject
Project("{FAE04EC0-301F-11D3-BF4B-00C04F79EFBC}") = "CrowdControlEditor", "CrowdControlEditor\CrowdControlEditor.csproj", "{D2B829D9-9CF2-47F6-BF97-FE7F1C45491D}"
EndProject
Project("{FAE04EC0-301F-11D3-BF4B-00C04F79EFBC}") = "CrowdControlOverlay", "CrowdControlOverlay\CrowdControlOverlay.csproj", "{6323B8B0-B190-475E-82E4-B8CDF10022E1}"
EndProject
Global
	GlobalSection(SolutionConfigurationPlatforms) = preSolution
		Debug|Any CPU = Debug|Any CPU
		Release|Any CPU = Release|Any CPU
	EndGlobalSection
	GlobalSection(ProjectConfigurationPlatforms) = postSolution
		{C1FA75FA-1909-EBD0-502E-496CD5B6ED72}.Debug|Any CPU.ActiveCfg = Debug|Any CPU
		{C1FA75FA-1909-EBD0-502E-496CD5B6ED72}.Debug|Any CPU.Build.0 = Debug|Any CPU
		{C1FA75FA-1909-EBD0-502E-496CD5B6ED72}.Release|Any CPU.ActiveCfg = Release|Any CPU
		{C1FA75FA-1909-EBD0-502E-496CD5B6ED72}.Release|Any CPU.Build.0 = Release|Any CPU
		{B4B78925-F5C2-4238-B59E-3CA510BACD58}.Debug|Any CPU.ActiveCfg = Debug|Any CPU
		{B4B78925-F5C2-4238-B59E-3CA510BACD58}.Debug|Any CPU.Build.0 = Debug|Any CPU
		{B4B78925-F5C2-4238-B59E-3CA510BACD58}.Release|Any CPU.ActiveCfg = Release|Any CPU
		{B4B78925-F5C2-4238-B59E-3CA510BACD58}.Release|Any CPU.Build.0 = Release|Any CPU
		{D2B829D9-9CF2-47F6-BF97-FE7F1C45491D}.Debug|Any CPU.ActiveCfg = Debug|Any CPU
		{D2B829D9-9CF2-47F6-BF97-FE7F1C45491D}.Debug|Any CPU.Build.0 = Debug|Any CPU
		{D2B829D9-9CF2-47F6-BF97-FE7F1C45491D}.Release|Any CPU.ActiveCfg = Release|Any CPU
		{D2B829D9-9CF2-47F6-BF97-FE7F1C45491D}.Release|Any CPU.Build.0 = Release|Any CPU
		{6323B8B0-B190-475E-82E4-B8CDF10022E1}.Debug|Any CPU.ActiveCfg = Debug|Any CPU
		{6323B8B0-B190-475E-82E4-B8CDF10022E1}.Debug|Any CPU.Build.0 = Debug|Any CPU
		{6323B8B0-B190-475E-82E4-B8CDF10022E1}.Release|Any CPU.ActiveCfg = Release|Any CPU
		{6323B8B0-B190-475E-82E4-B8CDF10022E1}.Release|Any CPU.Build.0 = Release|Any CPU
	EndGlobalSection
	GlobalSection(SolutionProperties) = preSolution
		HideSolutionNode = FALSE
	EndGlobalSection
EndGlobal
